// !$*UTF8*$!
{
	archiveVersion = 1;
	classes = {
	};
	objectVersion = 50;
	objects = {

/* Begin PBXBuildFile section */
		8D511B0A2316DE25004361EF /* AppDelegate.swift in Sources */ = {isa = PBXBuildFile; fileRef = 8D511B092316DE25004361EF /* AppDelegate.swift */; };
		8D511B0F2316DE25004361EF /* Main.storyboard in Resources */ = {isa = PBXBuildFile; fileRef = 8D511B0D2316DE25004361EF /* Main.storyboard */; };
		8D511B112316DE28004361EF /* Assets.xcassets in Resources */ = {isa = PBXBuildFile; fileRef = 8D511B102316DE28004361EF /* Assets.xcassets */; };
		8D511B142316DE28004361EF /* LaunchScreen.storyboard in Resources */ = {isa = PBXBuildFile; fileRef = 8D511B122316DE28004361EF /* LaunchScreen.storyboard */; };
		8D511B1F2316DE28004361EF /* DocumentsTests.swift in Sources */ = {isa = PBXBuildFile; fileRef = 8D511B1E2316DE28004361EF /* DocumentsTests.swift */; };
		8D511B2A2316DE28004361EF /* DocumentsUITests.swift in Sources */ = {isa = PBXBuildFile; fileRef = 8D511B292316DE28004361EF /* DocumentsUITests.swift */; };
		8D511B382316DE63004361EF /* DocumentsViewController.swift in Sources */ = {isa = PBXBuildFile; fileRef = 8D511B372316DE63004361EF /* DocumentsViewController.swift */; };
		8D511B3A231836C5004361EF /* NewDocumentViewController.swift in Sources */ = {isa = PBXBuildFile; fileRef = 8D511B39231836C5004361EF /* NewDocumentViewController.swift */; };
		8DD579F22319DC4000990670 /* documents+coreDataClass.swift in Sources */ = {isa = PBXBuildFile; fileRef = 8DD579F12319DC4000990670 /* documents+coreDataClass.swift */; };
/* End PBXBuildFile section */

/* Begin PBXContainerItemProxy section */
		8D511B1B2316DE28004361EF /* PBXContainerItemProxy */ = {
			isa = PBXContainerItemProxy;
			containerPortal = 8D511AFE2316DE25004361EF /* Project object */;
			proxyType = 1;
			remoteGlobalIDString = 8D511B052316DE25004361EF;
			remoteInfo = Documents;
		};
		8D511B262316DE28004361EF /* PBXContainerItemProxy */ = {
			isa = PBXContainerItemProxy;
			containerPortal = 8D511AFE2316DE25004361EF /* Project object */;
			proxyType = 1;
			remoteGlobalIDString = 8D511B052316DE25004361EF;
			remoteInfo = Documents;
		};
/* End PBXContainerItemProxy section */

/* Begin PBXFileReference section */
		8D511B062316DE25004361EF /* Documents.app */ = {isa = PBXFileReference; explicitFileType = wrapper.application; includeInIndex = 0; path = Documents.app; sourceTree = BUILT_PRODUCTS_DIR; };
		8D511B092316DE25004361EF /* AppDelegate.swift */ = {isa = PBXFileReference; lastKnownFileType = sourcecode.swift; path = AppDelegate.swift; sourceTree = "<group>"; };
		8D511B0E2316DE25004361EF /* Base */ = {isa = PBXFileReference; lastKnownFileType = file.storyboard; name = Base; path = Base.lproj/Main.storyboard; sourceTree = "<group>"; };
		8D511B102316DE28004361EF /* Assets.xcassets */ = {isa = PBXFileReference; lastKnownFileType = folder.assetcatalog; path = Assets.xcassets; sourceTree = "<group>"; };
		8D511B132316DE28004361EF /* Base */ = {isa = PBXFileReference; lastKnownFileType = file.storyboard; name = Base; path = Base.lproj/LaunchScreen.storyboard; sourceTree = "<group>"; };
		8D511B152316DE28004361EF /* Info.plist */ = {isa = PBXFileReference; lastKnownFileType = text.plist.xml; path = Info.plist; sourceTree = "<group>"; };
		8D511B1A2316DE28004361EF /* DocumentsTests.xctest */ = {isa = PBXFileReference; explicitFileType = wrapper.cfbundle; includeInIndex = 0; path = DocumentsTests.xctest; sourceTree = BUILT_PRODUCTS_DIR; };
		8D511B1E2316DE28004361EF /* DocumentsTests.swift */ = {isa = PBXFileReference; lastKnownFileType = sourcecode.swift; path = DocumentsTests.swift; sourceTree = "<group>"; };
		8D511B202316DE28004361EF /* Info.plist */ = {isa = PBXFileReference; lastKnownFileType = text.plist.xml; path = Info.plist; sourceTree = "<group>"; };
		8D511B252316DE28004361EF /* DocumentsUITests.xctest */ = {isa = PBXFileReference; explicitFileType = wrapper.cfbundle; includeInIndex = 0; path = DocumentsUITests.xctest; sourceTree = BUILT_PRODUCTS_DIR; };
		8D511B292316DE28004361EF /* DocumentsUITests.swift */ = {isa = PBXFileReference; lastKnownFileType = sourcecode.swift; path = DocumentsUITests.swift; sourceTree = "<group>"; };
		8D511B2B2316DE28004361EF /* Info.plist */ = {isa = PBXFileReference; lastKnownFileType = text.plist.xml; path = Info.plist; sourceTree = "<group>"; };
		8D511B372316DE63004361EF /* DocumentsViewController.swift */ = {isa = PBXFileReference; lastKnownFileType = sourcecode.swift; path = DocumentsViewController.swift; sourceTree = "<group>"; };
		8D511B39231836C5004361EF /* NewDocumentViewController.swift */ = {isa = PBXFileReference; lastKnownFileType = sourcecode.swift; path = NewDocumentViewController.swift; sourceTree = "<group>"; };
		8DD579F12319DC4000990670 /* documents+coreDataClass.swift */ = {isa = PBXFileReference; lastKnownFileType = sourcecode.swift; path = "documents+coreDataClass.swift"; sourceTree = "<group>"; };
/* End PBXFileReference section */

/* Begin PBXFrameworksBuildPhase section */
		8D511B032316DE25004361EF /* Frameworks */ = {
			isa = PBXFrameworksBuildPhase;
			buildActionMask = 2147483647;
			files = (
			);
			runOnlyForDeploymentPostprocessing = 0;
		};
		8D511B172316DE28004361EF /* Frameworks */ = {
			isa = PBXFrameworksBuildPhase;
			buildActionMask = 2147483647;
			files = (
			);
			runOnlyForDeploymentPostprocessing = 0;
		};
		8D511B222316DE28004361EF /* Frameworks */ = {
			isa = PBXFrameworksBuildPhase;
			buildActionMask = 2147483647;
			files = (
			);
			runOnlyForDeploymentPostprocessing = 0;
		};
/* End PBXFrameworksBuildPhase section */

/* Begin PBXGroup section */
		8D511AFD2316DE25004361EF = {
			isa = PBXGroup;
			children = (
				8D511B082316DE25004361EF /* Documents */,
				8D511B1D2316DE28004361EF /* DocumentsTests */,
				8D511B282316DE28004361EF /* DocumentsUITests */,
				8D511B072316DE25004361EF /* Products */,
			);
			sourceTree = "<group>";
		};
		8D511B072316DE25004361EF /* Products */ = {
			isa = PBXGroup;
			children = (
				8D511B062316DE25004361EF /* Documents.app */,
				8D511B1A2316DE28004361EF /* DocumentsTests.xctest */,
				8D511B252316DE28004361EF /* DocumentsUITests.xctest */,
			);
			name = Products;
			sourceTree = "<group>";
		};
		8D511B082316DE25004361EF /* Documents */ = {
			isa = PBXGroup;
			children = (
				8D511B092316DE25004361EF /* AppDelegate.swift */,
				8DD579F12319DC4000990670 /* documents+coreDataClass.swift */,
				8D511B372316DE63004361EF /* DocumentsViewController.swift */,
				8D511B39231836C5004361EF /* NewDocumentViewController.swift */,
				8D511B0D2316DE25004361EF /* Main.storyboard */,
				8D511B102316DE28004361EF /* Assets.xcassets */,
				8D511B122316DE28004361EF /* LaunchScreen.storyboard */,
				8D511B152316DE28004361EF /* Info.plist */,
			);
			path = Documents;
			sourceTree = "<group>";
		};
		8D511B1D2316DE28004361EF /* DocumentsTests */ = {
			isa = PBXGroup;
			children = (
				8D511B1E2316DE28004361EF /* DocumentsTests.swift */,
				8D511B202316DE28004361EF /* Info.plist */,
			);
			path = DocumentsTests;
			sourceTree = "<group>";
		};
		8D511B282316DE28004361EF /* DocumentsUITests */ = {
			isa = PBXGroup;
			children = (
				8D511B292316DE28004361EF /* DocumentsUITests.swift */,
				8D511B2B2316DE28004361EF /* Info.plist */,
			);
			path = DocumentsUITests;
			sourceTree = "<group>";
		};
/* End PBXGroup section */

/* Begin PBXNativeTarget section */
		8D511B052316DE25004361EF /* Documents */ = {
			isa = PBXNativeTarget;
			buildConfigurationList = 8D511B2E2316DE28004361EF /* Build configuration list for PBXNativeTarget "Documents" */;
			buildPhases = (
				8D511B022316DE25004361EF /* Sources */,
				8D511B032316DE25004361EF /* Frameworks */,
				8D511B042316DE25004361EF /* Resources */,
			);
			buildRules = (
			);
			dependencies = (
			);
			name = Documents;
			productName = Documents;
			productReference = 8D511B062316DE25004361EF /* Documents.app */;
			productType = "com.apple.product-type.application";
		};
		8D511B192316DE28004361EF /* DocumentsTests */ = {
			isa = PBXNativeTarget;
			buildConfigurationList = 8D511B312316DE28004361EF /* Build configuration list for PBXNativeTarget "DocumentsTests" */;
			buildPhases = (
				8D511B162316DE28004361EF /* Sources */,
				8D511B172316DE28004361EF /* Frameworks */,
				8D511B182316DE28004361EF /* Resources */,
			);
			buildRules = (
			);
			dependencies = (
				8D511B1C2316DE28004361EF /* PBXTargetDependency */,
			);
			name = DocumentsTests;
			productName = DocumentsTests;
			productReference = 8D511B1A2316DE28004361EF /* DocumentsTests.xctest */;
			productType = "com.apple.product-type.bundle.unit-test";
		};
		8D511B242316DE28004361EF /* DocumentsUITests */ = {
			isa = PBXNativeTarget;
			buildConfigurationList = 8D511B342316DE28004361EF /* Build configuration list for PBXNativeTarget "DocumentsUITests" */;
			buildPhases = (
				8D511B212316DE28004361EF /* Sources */,
				8D511B222316DE28004361EF /* Frameworks */,
				8D511B232316DE28004361EF /* Resources */,
			);
			buildRules = (
			);
			dependencies = (
				8D511B272316DE28004361EF /* PBXTargetDependency */,
			);
			name = DocumentsUITests;
			productName = DocumentsUITests;
			productReference = 8D511B252316DE28004361EF /* DocumentsUITests.xctest */;
			productType = "com.apple.product-type.bundle.ui-testing";
		};
/* End PBXNativeTarget section */

/* Begin PBXProject section */
		8D511AFE2316DE25004361EF /* Project object */ = {
			isa = PBXProject;
			attributes = {
				LastSwiftUpdateCheck = 1030;
				LastUpgradeCheck = 1030;
				ORGANIZATIONNAME = "Henry Sills";
				TargetAttributes = {
					8D511B052316DE25004361EF = {
						CreatedOnToolsVersion = 10.3;
					};
					8D511B192316DE28004361EF = {
						CreatedOnToolsVersion = 10.3;
						TestTargetID = 8D511B052316DE25004361EF;
					};
					8D511B242316DE28004361EF = {
						CreatedOnToolsVersion = 10.3;
						TestTargetID = 8D511B052316DE25004361EF;
					};
				};
			};
			buildConfigurationList = 8D511B012316DE25004361EF /* Build configuration list for PBXProject "Documents" */;
			compatibilityVersion = "Xcode 9.3";
			developmentRegion = en;
			hasScannedForEncodings = 0;
			knownRegions = (
				en,
				Base,
			);
			mainGroup = 8D511AFD2316DE25004361EF;
			productRefGroup = 8D511B072316DE25004361EF /* Products */;
			projectDirPath = "";
			projectRoot = "";
			targets = (
				8D511B052316DE25004361EF /* Documents */,
				8D511B192316DE28004361EF /* DocumentsTests */,
				8D511B242316DE28004361EF /* DocumentsUITests */,
			);
		};
/* End PBXProject section */

/* Begin PBXResourcesBuildPhase section */
		8D511B042316DE25004361EF /* Resources */ = {
			isa = PBXResourcesBuildPhase;
			buildActionMask = 2147483647;
			files = (
				8D511B142316DE28004361EF /* LaunchScreen.storyboard in Resources */,
				8D511B112316DE28004361EF /* Assets.xcassets in Resources */,
				8D511B0F2316DE25004361EF /* Main.storyboard in Resources */,
			);
			runOnlyForDeploymentPostprocessing = 0;
		};
		8D511B182316DE28004361EF /* Resources */ = {
			isa = PBXResourcesBuildPhase;
			buildActionMask = 2147483647;
			files = (
			);
			runOnlyForDeploymentPostprocessing = 0;
		};
		8D511B232316DE28004361EF /* Resources */ = {
			isa = PBXResourcesBuildPhase;
			buildActionMask = 2147483647;
			files = (
			);
			runOnlyForDeploymentPostprocessing = 0;
		};
/* End PBXResourcesBuildPhase section */

/* Begin PBXSourcesBuildPhase section */
		8D511B022316DE25004361EF /* Sources */ = {
			isa = PBXSourcesBuildPhase;
			buildActionMask = 2147483647;
			files = (
				8D511B0A2316DE25004361EF /* AppDelegate.swift in Sources */,
				8D511B382316DE63004361EF /* DocumentsViewController.swift in Sources */,
				8DD579F22319DC4000990670 /* documents+coreDataClass.swift in Sources */,
				8D511B3A231836C5004361EF /* NewDocumentViewController.swift in Sources */,
			);
			runOnlyForDeploymentPostprocessing = 0;
		};
		8D511B162316DE28004361EF /* Sources */ = {
			isa = PBXSourcesBuildPhase;
			buildActionMask = 2147483647;
			files = (
				8D511B1F2316DE28004361EF /* DocumentsTests.swift in Sources */,
			);
			runOnlyForDeploymentPostprocessing = 0;
		};
		8D511B212316DE28004361EF /* Sources */ = {
			isa = PBXSourcesBuildPhase;
			buildActionMask = 2147483647;
			files = (
				8D511B2A2316DE28004361EF /* DocumentsUITests.swift in Sources */,
			);
			runOnlyForDeploymentPostprocessing = 0;
		};
/* End PBXSourcesBuildPhase section */

/* Begin PBXTargetDependency section */
		8D511B1C2316DE28004361EF /* PBXTargetDependency */ = {
			isa = PBXTargetDependency;
			target = 8D511B052316DE25004361EF /* Documents */;
			targetProxy = 8D511B1B2316DE28004361EF /* PBXContainerItemProxy */;
		};
		8D511B272316DE28004361EF /* PBXTargetDependency */ = {
			isa = PBXTargetDependency;
			target = 8D511B052316DE25004361EF /* Documents */;
			targetProxy = 8D511B262316DE28004361EF /* PBXContainerItemProxy */;
		};
/* End PBXTargetDependency section */

/* Begin PBXVariantGroup section */
		8D511B0D2316DE25004361EF /* Main.storyboard */ = {
			isa = PBXVariantGroup;
			children = (
				8D511B0E2316DE25004361EF /* Base */,
			);
			name = Main.storyboard;
			sourceTree = "<group>";
		};
		8D511B122316DE28004361EF /* LaunchScreen.storyboard */ = {
			isa = PBXVariantGroup;
			children = (
				8D511B132316DE28004361EF /* Base */,
			);
			name = LaunchScreen.storyboard;
			sourceTree = "<group>";
		};
/* End PBXVariantGroup section */

/* Begin XCBuildConfiguration section */
		8D511B2C2316DE28004361EF /* Debug */ = {
			isa = XCBuildConfiguration;
			buildSettings = {
				ALWAYS_SEARCH_USER_PATHS = NO;
				CLANG_ANALYZER_NONNULL = YES;
				CLANG_ANALYZER_NUMBER_OBJECT_CONVERSION = YES_AGGRESSIVE;
				CLANG_CXX_LANGUAGE_STANDARD = "gnu++14";
				CLANG_CXX_LIBRARY = "libc++";
				CLANG_ENABLE_MODULES = YES;
				CLANG_ENABLE_OBJC_ARC = YES;
				CLANG_ENABLE_OBJC_WEAK = YES;
				CLANG_WARN_BLOCK_CAPTURE_AUTORELEASING = YES;
				CLANG_WARN_BOOL_CONVERSION = YES;
				CLANG_WARN_COMMA = YES;
				CLANG_WARN_CONSTANT_CONVERSION = YES;
				CLANG_WARN_DEPRECATED_OBJC_IMPLEMENTATIONS = YES;
				CLANG_WARN_DIRECT_OBJC_ISA_USAGE = YES_ERROR;
				CLANG_WARN_DOCUMENTATION_COMMENTS = YES;
				CLANG_WARN_EMPTY_BODY = YES;
				CLANG_WARN_ENUM_CONVERSION = YES;
				CLANG_WARN_INFINITE_RECURSION = YES;
				CLANG_WARN_INT_CONVERSION = YES;
				CLANG_WARN_NON_LITERAL_NULL_CONVERSION = YES;
				CLANG_WARN_OBJC_IMPLICIT_RETAIN_SELF = YES;
				CLANG_WARN_OBJC_LITERAL_CONVERSION = YES;
				CLANG_WARN_OBJC_ROOT_CLASS = YES_ERROR;
				CLANG_WARN_RANGE_LOOP_ANALYSIS = YES;
				CLANG_WARN_STRICT_PROTOTYPES = YES;
				CLANG_WARN_SUSPICIOUS_MOVE = YES;
				CLANG_WARN_UNGUARDED_AVAILABILITY = YES_AGGRESSIVE;
				CLANG_WARN_UNREACHABLE_CODE = YES;
				CLANG_WARN__DUPLICATE_METHOD_MATCH = YES;
				CODE_SIGN_IDENTITY = "iPhone Developer";
				COPY_PHASE_STRIP = NO;
				DEBUG_INFORMATION_FORMAT = dwarf;
				ENABLE_STRICT_OBJC_MSGSEND = YES;
				ENABLE_TESTABILITY = YES;
				GCC_C_LANGUAGE_STANDARD = gnu11;
				GCC_DYNAMIC_NO_PIC = NO;
				GCC_NO_COMMON_BLOCKS = YES;
				GCC_OPTIMIZATION_LEVEL = 0;
				GCC_PREPROCESSOR_DEFINITIONS = (
					"DEBUG=1",
					"$(inherited)",
				);
				GCC_WARN_64_TO_32_BIT_CONVERSION = YES;
				GCC_WARN_ABOUT_RETURN_TYPE = YES_ERROR;
				GCC_WARN_UNDECLARED_SELECTOR = YES;
				GCC_WARN_UNINITIALIZED_AUTOS = YES_AGGRESSIVE;
				GCC_WARN_UNUSED_FUNCTION = YES;
				GCC_WARN_UNUSED_VARIABLE = YES;
				IPHONEOS_DEPLOYMENT_TARGET = 12.4;
				MTL_ENABLE_DEBUG_INFO = INCLUDE_SOURCE;
				MTL_FAST_MATH = YES;
				ONLY_ACTIVE_ARCH = YES;
				SDKROOT = iphoneos;
				SWIFT_ACTIVE_COMPILATION_CONDITIONS = DEBUG;
				SWIFT_OPTIMIZATION_LEVEL = "-Onone";
			};
			name = Debug;
		};
		8D511B2D2316DE28004361EF /* Release */ = {
			isa = XCBuildConfiguration;
			buildSettings = {
				ALWAYS_SEARCH_USER_PATHS = NO;
				CLANG_ANALYZER_NONNULL = YES;
				CLANG_ANALYZER_NUMBER_OBJECT_CONVERSION = YES_AGGRESSIVE;
				CLANG_CXX_LANGUAGE_STANDARD = "gnu++14";
				CLANG_CXX_LIBRARY = "libc++";
				CLANG_ENABLE_MODULES = YES;
				CLANG_ENABLE_OBJC_ARC = YES;
				CLANG_ENABLE_OBJC_WEAK = YES;
				CLANG_WARN_BLOCK_CAPTURE_AUTORELEASING = YES;
				CLANG_WARN_BOOL_CONVERSION = YES;
				CLANG_WARN_COMMA = YES;
				CLANG_WARN_CONSTANT_CONVERSION = YES;
				CLANG_WARN_DEPRECATED_OBJC_IMPLEMENTATIONS = YES;
				CLANG_WARN_DIRECT_OBJC_ISA_USAGE = YES_ERROR;
				CLANG_WARN_DOCUMENTATION_COMMENTS = YES;
				CLANG_WARN_EMPTY_BODY = YES;
				CLANG_WARN_ENUM_CONVERSION = YES;
				CLANG_WARN_INFINITE_RECURSION = YES;
				CLANG_WARN_INT_CONVERSION = YES;
				CLANG_WARN_NON_LITERAL_NULL_CONVERSION = YES;
				CLANG_WARN_OBJC_IMPLICIT_RETAIN_SELF = YES;
				CLANG_WARN_OBJC_LITERAL_CONVERSION = YES;
				CLANG_WARN_OBJC_ROOT_CLASS = YES_ERROR;
				CLANG_WARN_RANGE_LOOP_ANALYSIS = YES;
				CLANG_WARN_STRICT_PROTOTYPES = YES;
				CLANG_WARN_SUSPICIOUS_MOVE = YES;
				CLANG_WARN_UNGUARDED_AVAILABILITY = YES_AGGRESSIVE;
				CLANG_WARN_UNREACHABLE_CODE = YES;
				CLANG_WARN__DUPLICATE_METHOD_MATCH = YES;
				CODE_SIGN_IDENTITY = "iPhone Developer";
				COPY_PHASE_STRIP = NO;
				DEBUG_INFORMATION_FORMAT = "dwarf-with-dsym";
				ENABLE_NS_ASSERTIONS = NO;
				ENABLE_STRICT_OBJC_MSGSEND = YES;
				GCC_C_LANGUAGE_STANDARD = gnu11;
				GCC_NO_COMMON_BLOCKS = YES;
				GCC_WARN_64_TO_32_BIT_CONVERSION = YES;
				GCC_WARN_ABOUT_RETURN_TYPE = YES_ERROR;
				GCC_WARN_UNDECLARED_SELECTOR = YES;
				GCC_WARN_UNINITIALIZED_AUTOS = YES_AGGRESSIVE;
				GCC_WARN_UNUSED_FUNCTION = YES;
				GCC_WARN_UNUSED_VARIABLE = YES;
				IPHONEOS_DEPLOYMENT_TARGET = 12.4;
				MTL_ENABLE_DEBUG_INFO = NO;
				MTL_FAST_MATH = YES;
				SDKROOT = iphoneos;
				SWIFT_COMPILATION_MODE = wholemodule;
				SWIFT_OPTIMIZATION_LEVEL = "-O";
				VALIDATE_PRODUCT = YES;
			};
			name = Release;
		};
		8D511B2F2316DE28004361EF /* Debug */ = {
			isa = XCBuildConfiguration;
			buildSettings = {
				ASSETCATALOG_COMPILER_APPICON_NAME = AppIcon;
				CODE_SIGN_STYLE = Automatic;
				DEVELOPMENT_TEAM = 627YPSFA5B;
				INFOPLIST_FILE = Documents/Info.plist;
				LD_RUNPATH_SEARCH_PATHS = (
					"$(inherited)",
					"@executable_path/Frameworks",
				);
				PRODUCT_BUNDLE_IDENTIFIER = edu.missouri.Documents;
				PRODUCT_NAME = "$(TARGET_NAME)";
				SWIFT_VERSION = 5.0;
				TARGETED_DEVICE_FAMILY = "1,2";
			};
			name = Debug;
		};
		8D511B302316DE28004361EF /* Release */ = {
			isa = XCBuildConfiguration;
			buildSettings = {
				ASSETCATALOG_COMPILER_APPICON_NAME = AppIcon;
				CODE_SIGN_STYLE = Automatic;
				DEVELOPMENT_TEAM = 627YPSFA5B;
				INFOPLIST_FILE = Documents/Info.plist;
				LD_RUNPATH_SEARCH_PATHS = (
					"$(inherited)",
					"@executable_path/Frameworks",
				);
				PRODUCT_BUNDLE_IDENTIFIER = edu.missouri.Documents;
				PRODUCT_NAME = "$(TARGET_NAME)";
				SWIFT_VERSION = 5.0;
				TARGETED_DEVICE_FAMILY = "1,2";
			};
			name = Release;
		};
		8D511B322316DE28004361EF /* Debug */ = {
			isa = XCBuildConfiguration;
			buildSettings = {
				ALWAYS_EMBED_SWIFT_STANDARD_LIBRARIES = YES;
				BUNDLE_LOADER = "$(TEST_HOST)";
				CODE_SIGN_STYLE = Automatic;
				DEVELOPMENT_TEAM = 627YPSFA5B;
				INFOPLIST_FILE = DocumentsTests/Info.plist;
				LD_RUNPATH_SEARCH_PATHS = (
					"$(inherited)",
					"@executable_path/Frameworks",
					"@loader_path/Frameworks",
				);
				PRODUCT_BUNDLE_IDENTIFIER = edu.missouri.DocumentsTests;
				PRODUCT_NAME = "$(TARGET_NAME)";
				SWIFT_VERSION = 5.0;
				TARGETED_DEVICE_FAMILY = "1,2";
				TEST_HOST = "$(BUILT_PRODUCTS_DIR)/Documents.app/Documents";
			};
			name = Debug;
		};
		8D511B332316DE28004361EF /* Release */ = {
			isa = XCBuildConfiguration;
			buildSettings = {
				ALWAYS_EMBED_SWIFT_STANDARD_LIBRARIES = YES;
				BUNDLE_LOADER = "$(TEST_HOST)";
				CODE_SIGN_STYLE = Automatic;
				DEVELOPMENT_TEAM = 627YPSFA5B;
				INFOPLIST_FILE = DocumentsTests/Info.plist;
				LD_RUNPATH_SEARCH_PATHS = (
					"$(inherited)",
					"@executable_path/Frameworks",
					"@loader_path/Frameworks",
				);
				PRODUCT_BUNDLE_IDENTIFIER = edu.missouri.DocumentsTests;
				PRODUCT_NAME = "$(TARGET_NAME)";
				SWIFT_VERSION = 5.0;
				TARGETED_DEVICE_FAMILY = "1,2";
				TEST_HOST = "$(BUILT_PRODUCTS_DIR)/Documents.app/Documents";
			};
			name = Release;
		};
		8D511B352316DE28004361EF /* Debug */ = {
			isa = XCBuildConfiguration;
			buildSettings = {
				ALWAYS_EMBED_SWIFT_STANDARD_LIBRARIES = YES;
				CODE_SIGN_STYLE = Automatic;
				DEVELOPMENT_TEAM = 627YPSFA5B;
				INFOPLIST_FILE = DocumentsUITests/Info.plist;
				LD_RUNPATH_SEARCH_PATHS = (
					"$(inherited)",
					"@executable_path/Frameworks",
					"@loader_path/Frameworks",
				);
				PRODUCT_BUNDLE_IDENTIFIER = edu.missouri.DocumentsUITests;
				PRODUCT_NAME = "$(TARGET_NAME)";
				SWIFT_VERSION = 5.0;
				TARGETED_DEVICE_FAMILY = "1,2";
				TEST_TARGET_NAME = Documents;
			};
			name = Debug;
		};
		8D511B362316DE28004361EF /* Release */ = {
			isa = XCBuildConfiguration;
			buildSettings = {
				ALWAYS_EMBED_SWIFT_STANDARD_LIBRARIES = YES;
				CODE_SIGN_STYLE = Automatic;
				DEVELOPMENT_TEAM = 627YPSFA5B;
				INFOPLIST_FILE = DocumentsUITests/Info.plist;
				LD_RUNPATH_SEARCH_PATHS = (
					"$(inherited)",
					"@executable_path/Frameworks",
					"@loader_path/Frameworks",
				);
				PRODUCT_BUNDLE_IDENTIFIER = edu.missouri.DocumentsUITests;
				PRODUCT_NAME = "$(TARGET_NAME)";
				SWIFT_VERSION = 5.0;
				TARGETED_DEVICE_FAMILY = "1,2";
				TEST_TARGET_NAME = Documents;
			};
			name = Release;
		};
/* End XCBuildConfiguration section */

/* Begin XCConfigurationList section */
		8D511B012316DE25004361EF /* Build configuration list for PBXProject "Documents" */ = {
			isa = XCConfigurationList;
			buildConfigurations = (
				8D511B2C2316DE28004361EF /* Debug */,
				8D511B2D2316DE28004361EF /* Release */,
			);
			defaultConfigurationIsVisible = 0;
			defaultConfigurationName = Release;
		};
		8D511B2E2316DE28004361EF /* Build configuration list for PBXNativeTarget "Documents" */ = {
			isa = XCConfigurationList;
			buildConfigurations = (
				8D511B2F2316DE28004361EF /* Debug */,
				8D511B302316DE28004361EF /* Release */,
			);
			defaultConfigurationIsVisible = 0;
			defaultConfigurationName = Release;
		};
		8D511B312316DE28004361EF /* Build configuration list for PBXNativeTarget "DocumentsTests" */ = {
			isa = XCConfigurationList;
			buildConfigurations = (
				8D511B322316DE28004361EF /* Debug */,
				8D511B332316DE28004361EF /* Release */,
			);
			defaultConfigurationIsVisible = 0;
			defaultConfigurationName = Release;
		};
		8D511B342316DE28004361EF /* Build configuration list for PBXNativeTarget "DocumentsUITests" */ = {
			isa = XCConfigurationList;
			buildConfigurations = (
				8D511B352316DE28004361EF /* Debug */,
				8D511B362316DE28004361EF /* Release */,
			);
			defaultConfigurationIsVisible = 0;
			defaultConfigurationName = Release;
		};
/* End XCConfigurationList section */
	};
	rootObject = 8D511AFE2316DE25004361EF /* Project object */;
}
